{
  "name": "sampleLending",
  "lockfileVersion": 3,
  "requires": true,
  "packages": {
    "": {
      "dependencies": {
        "sweetalert2": "^11.15.10",
        "zooming": "^2.1.1"
      }
    },
    "node_modules/sweetalert2": {
      "version": "11.15.10",
      "resolved": "https://registry.npmjs.org/sweetalert2/-/sweetalert2-11.15.10.tgz",
      "integrity": "sha512-Sjiwcd5mWiz8X0JFkHsso2EPVQHrLCjVv+xR6Ry2LKf4KY6kSi4U5pM0Tgmn1c7SMfkyDqPal2NWqwj6vck8bw==",
      "license": "MIT",
      "funding": {
        "type": "individual",
        "url": "https://github.com/sponsors/limonte"
      }
    },
    "node_modules/zooming": {
      "version": "2.1.1",
      "resolved": "https://registry.npmjs.org/zooming/-/zooming-2.1.1.tgz",
      "integrity": "sha512-Z38dkZRQsFNBE67+xDBQLNKMs5J1Gc+s3/zO6iezTrC24VYLJV7YPBdBDJmiLhff5qa6Awxv4wsjqx3oYz2MYA==",
      "license": "MIT"
    }
  }
}
